// !$*UTF8*$!
{
	archiveVersion = 1;
	classes = {
	};
	objectVersion = 46;
	objects = {

/* Begin PBXBuildFile section */
		226DD9971AF1019E0051A16A /* AppDelegate.m in Sources */ = {isa = PBXBuildFile; fileRef = 226DD9961AF1019E0051A16A /* AppDelegate.m */; };
		226DD9991AF1019E0051A16A /* main.m in Sources */ = {isa = PBXBuildFile; fileRef = 226DD9981AF1019E0051A16A /* main.m */; };
		226DD99B1AF1019E0051A16A /* Images.xcassets in Resources */ = {isa = PBXBuildFile; fileRef = 226DD99A1AF1019E0051A16A /* Images.xcassets */; };
		226DD99E1AF1019E0051A16A /* MainMenu.xib in Resources */ = {isa = PBXBuildFile; fileRef = 226DD99C1AF1019E0051A16A /* MainMenu.xib */; };
		226DD9AA1AF1019E0051A16A /* resizeTests.m in Sources */ = {isa = PBXBuildFile; fileRef = 226DD9A91AF1019E0051A16A /* resizeTests.m */; };
		226DD9B51AF101C40051A16A /* MyView.m in Sources */ = {isa = PBXBuildFile; fileRef = 226DD9B41AF101C40051A16A /* MyView.m */; };
/* End PBXBuildFile section */

/* Begin PBXContainerItemProxy section */
		226DD9A41AF1019E0051A16A /* PBXContainerItemProxy */ = {
			isa = PBXContainerItemProxy;
			containerPortal = 226DD9881AF1019E0051A16A /* Project object */;
			proxyType = 1;
			remoteGlobalIDString = 226DD98F1AF1019E0051A16A;
			remoteInfo = resize;
		};
/* End PBXContainerItemProxy section */

/* Begin PBXFileReference section */
		226DD9901AF1019E0051A16A /* resize.app */ = {isa = PBXFileReference; explicitFileType = wrapper.application; includeInIndex = 0; path = resize.app; sourceTree = BUILT_PRODUCTS_DIR; };
		226DD9941AF1019E0051A16A /* Info.plist */ = {isa = PBXFileReference; lastKnownFileType = text.plist.xml; path = Info.plist; sourceTree = "<group>"; };
		226DD9951AF1019E0051A16A /* AppDelegate.h */ = {isa = PBXFileReference; lastKnownFileType = sourcecode.c.h; path = AppDelegate.h; sourceTree = "<group>"; };
		226DD9961AF1019E0051A16A /* AppDelegate.m */ = {isa = PBXFileReference; lastKnownFileType = sourcecode.c.objc; path = AppDelegate.m; sourceTree = "<group>"; };
		226DD9981AF1019E0051A16A /* main.m */ = {isa = PBXFileReference; lastKnownFileType = sourcecode.c.objc; path = main.m; sourceTree = "<group>"; };
		226DD99A1AF1019E0051A16A /* Images.xcassets */ = {isa = PBXFileReference; lastKnownFileType = folder.assetcatalog; path = Images.xcassets; sourceTree = "<group>"; };
		226DD99D1AF1019E0051A16A /* Base */ = {isa = PBXFileReference; lastKnownFileType = file.xib; name = Base; path = Base.lproj/MainMenu.xib; sourceTree = "<group>"; };
		226DD9A31AF1019E0051A16A /* resizeTests.xctest */ = {isa = PBXFileReference; explicitFileType = wrapper.cfbundle; includeInIndex = 0; path = resizeTests.xctest; sourceTree = BUILT_PRODUCTS_DIR; };
		226DD9A81AF1019E0051A16A /* Info.plist */ = {isa = PBXFileReference; lastKnownFileType = text.plist.xml; path = Info.plist; sourceTree = "<group>"; };
		226DD9A91AF1019E0051A16A /* resizeTests.m */ = {isa = PBXFileReference; lastKnownFileType = sourcecode.c.objc; path = resizeTests.m; sourceTree = "<group>"; };
		226DD9B31AF101C40051A16A /* MyView.h */ = {isa = PBXFileReference; fileEncoding = 4; lastKnownFileType = sourcecode.c.h; name = MyView.h; path = ../MyView.h; sourceTree = "<group>"; };
		226DD9B41AF101C40051A16A /* MyView.m */ = {isa = PBXFileReference; fileEncoding = 4; lastKnownFileType = sourcecode.c.objc; name = MyView.m; path = ../MyView.m; sourceTree = "<group>"; };
/* End PBXFileReference section */

/* Begin PBXFrameworksBuildPhase section */
		226DD98D1AF1019E0051A16A /* Frameworks */ = {
			isa = PBXFrameworksBuildPhase;
			buildActionMask = 2147483647;
			files = (
			);
			runOnlyForDeploymentPostprocessing = 0;
		};
		226DD9A01AF1019E0051A16A /* Frameworks */ = {
			isa = PBXFrameworksBuildPhase;
			buildActionMask = 2147483647;
			files = (
			);
			runOnlyForDeploymentPostprocessing = 0;
		};
/* End PBXFrameworksBuildPhase section */

/* Begin PBXGroup section */
		226DD9871AF1019E0051A16A = {
			isa = PBXGroup;
			children = (
				226DD9921AF1019E0051A16A /* resize */,
				226DD9A61AF1019E0051A16A /* resizeTests */,
				226DD9911AF1019E0051A16A /* Products */,
			);
			sourceTree = "<group>";
		};
		226DD9911AF1019E0051A16A /* Products */ = {
			isa = PBXGroup;
			children = (
				226DD9901AF1019E0051A16A /* resize.app */,
				226DD9A31AF1019E0051A16A /* resizeTests.xctest */,
			);
			name = Products;
			sourceTree = "<group>";
		};
		226DD9921AF1019E0051A16A /* resize */ = {
			isa = PBXGroup;
			children = (
				226DD9B31AF101C40051A16A /* MyView.h */,
				226DD9B41AF101C40051A16A /* MyView.m */,
				226DD9951AF1019E0051A16A /* AppDelegate.h */,
				226DD9961AF1019E0051A16A /* AppDelegate.m */,
				226DD99A1AF1019E0051A16A /* Images.xcassets */,
				226DD99C1AF1019E0051A16A /* MainMenu.xib */,
				226DD9931AF1019E0051A16A /* Supporting Files */,
			);
			path = resize;
			sourceTree = "<group>";
		};
		226DD9931AF1019E0051A16A /* Supporting Files */ = {
			isa = PBXGroup;
			children = (
				226DD9941AF1019E0051A16A /* Info.plist */,
				226DD9981AF1019E0051A16A /* main.m */,
			);
			name = "Supporting Files";
			sourceTree = "<group>";
		};
		226DD9A61AF1019E0051A16A /* resizeTests */ = {
			isa = PBXGroup;
			children = (
				226DD9A91AF1019E0051A16A /* resizeTests.m */,
				226DD9A71AF1019E0051A16A /* Supporting Files */,
			);
			path = resizeTests;
			sourceTree = "<group>";
		};
		226DD9A71AF1019E0051A16A /* Supporting Files */ = {
			isa = PBXGroup;
			children = (
				226DD9A81AF1019E0051A16A /* Info.plist */,
			);
			name = "Supporting Files";
			sourceTree = "<group>";
		};
/* End PBXGroup section */

/* Begin PBXNativeTarget section */
		226DD98F1AF1019E0051A16A /* resize */ = {
			isa = PBXNativeTarget;
			buildConfigurationList = 226DD9AD1AF1019E0051A16A /* Build configuration list for PBXNativeTarget "resize" */;
			buildPhases = (
				226DD98C1AF1019E0051A16A /* Sources */,
				226DD98D1AF1019E0051A16A /* Frameworks */,
				226DD98E1AF1019E0051A16A /* Resources */,
			);
			buildRules = (
			);
			dependencies = (
			);
			name = resize;
			productName = resize;
			productReference = 226DD9901AF1019E0051A16A /* resize.app */;
			productType = "com.apple.product-type.application";
		};
		226DD9A21AF1019E0051A16A /* resizeTests */ = {
			isa = PBXNativeTarget;
			buildConfigurationList = 226DD9B01AF1019E0051A16A /* Build configuration list for PBXNativeTarget "resizeTests" */;
			buildPhases = (
				226DD99F1AF1019E0051A16A /* Sources */,
				226DD9A01AF1019E0051A16A /* Frameworks */,
				226DD9A11AF1019E0051A16A /* Resources */,
			);
			buildRules = (
			);
			dependencies = (
				226DD9A51AF1019E0051A16A /* PBXTargetDependency */,
			);
			name = resizeTests;
			productName = resizeTests;
			productReference = 226DD9A31AF1019E0051A16A /* resizeTests.xctest */;
			productType = "com.apple.product-type.bundle.unit-test";
		};
/* End PBXNativeTarget section */

/* Begin PBXProject section */
		226DD9881AF1019E0051A16A /* Project object */ = {
			isa = PBXProject;
			attributes = {
				LastUpgradeCheck = 0630;
				ORGANIZATIONNAME = uncle_z;
				TargetAttributes = {
					226DD98F1AF1019E0051A16A = {
						CreatedOnToolsVersion = 6.3.1;
					};
					226DD9A21AF1019E0051A16A = {
						CreatedOnToolsVersion = 6.3.1;
						TestTargetID = 226DD98F1AF1019E0051A16A;
					};
				};
			};
			buildConfigurationList = 226DD98B1AF1019E0051A16A /* Build configuration list for PBXProject "resize" */;
			compatibilityVersion = "Xcode 3.2";
			developmentRegion = English;
			hasScannedForEncodings = 0;
			knownRegions = (
				en,
				Base,
			);
			mainGroup = 226DD9871AF1019E0051A16A;
			productRefGroup = 226DD9911AF1019E0051A16A /* Products */;
			projectDirPath = "";
			projectRoot = "";
			targets = (
				226DD98F1AF1019E0051A16A /* resize */,
				226DD9A21AF1019E0051A16A /* resizeTests */,
			);
		};
/* End PBXProject section */

/* Begin PBXResourcesBuildPhase section */
		226DD98E1AF1019E0051A16A /* Resources */ = {
			isa = PBXResourcesBuildPhase;
			buildActionMask = 2147483647;
			files = (
				226DD99B1AF1019E0051A16A /* Images.xcassets in Resources */,
				226DD99E1AF1019E0051A16A /* MainMenu.xib in Resources */,
			);
			runOnlyForDeploymentPostprocessing = 0;
		};
		226DD9A11AF1019E0051A16A /* Resources */ = {
			isa = PBXResourcesBuildPhase;
			buildActionMask = 2147483647;
			files = (
			);
			runOnlyForDeploymentPostprocessing = 0;
		};
/* End PBXResourcesBuildPhase section */

/* Begin PBXSourcesBuildPhase section */
		226DD98C1AF1019E0051A16A /* Sources */ = {
			isa = PBXSourcesBuildPhase;
			buildActionMask = 2147483647;
			files = (
				226DD9991AF1019E0051A16A /* main.m in Sources */,
				226DD9971AF1019E0051A16A /* AppDelegate.m in Sources */,
				226DD9B51AF101C40051A16A /* MyView.m in Sources */,
			);
			runOnlyForDeploymentPostprocessing = 0;
		};
		226DD99F1AF1019E0051A16A /* Sources */ = {
			isa = PBXSourcesBuildPhase;
			buildActionMask = 2147483647;
			files = (
				226DD9AA1AF1019E0051A16A /* resizeTests.m in Sources */,
			);
			runOnlyForDeploymentPostprocessing = 0;
		};
/* End PBXSourcesBuildPhase section */

/* Begin PBXTargetDependency section */
		226DD9A51AF1019E0051A16A /* PBXTargetDependency */ = {
			isa = PBXTargetDependency;
			target = 226DD98F1AF1019E0051A16A /* resize */;
			targetProxy = 226DD9A41AF1019E0051A16A /* PBXContainerItemProxy */;
		};
/* End PBXTargetDependency section */

/* Begin PBXVariantGroup section */
		226DD99C1AF1019E0051A16A /* MainMenu.xib */ = {
			isa = PBXVariantGroup;
			children = (
				226DD99D1AF1019E0051A16A /* Base */,
			);
			name = MainMenu.xib;
			sourceTree = "<group>";
		};
/* End PBXVariantGroup section */

/* Begin XCBuildConfiguration section */
		226DD9AB1AF1019E0051A16A /* Debug */ = {
			isa = XCBuildConfiguration;
			buildSettings = {
				ALWAYS_SEARCH_USER_PATHS = NO;
				CLANG_CXX_LANGUAGE_STANDARD = "gnu++0x";
				CLANG_CXX_LIBRARY = "libc++";
				CLANG_ENABLE_MODULES = YES;
				CLANG_ENABLE_OBJC_ARC = YES;
				CLANG_WARN_BOOL_CONVERSION = YES;
				CLANG_WARN_CONSTANT_CONVERSION = YES;
				CLANG_WARN_DIRECT_OBJC_ISA_USAGE = YES_ERROR;
				CLANG_WARN_EMPTY_BODY = YES;
				CLANG_WARN_ENUM_CONVERSION = YES;
				CLANG_WARN_INT_CONVERSION = YES;
				CLANG_WARN_OBJC_ROOT_CLASS = YES_ERROR;
				CLANG_WARN_UNREACHABLE_CODE = YES;
				CLANG_WARN__DUPLICATE_METHOD_MATCH = YES;
				CODE_SIGN_IDENTITY = "-";
				COPY_PHASE_STRIP = NO;
				DEBUG_INFORMATION_FORMAT = dwarf;
				ENABLE_STRICT_OBJC_MSGSEND = YES;
				GCC_C_LANGUAGE_STANDARD = gnu99;
				GCC_DYNAMIC_NO_PIC = NO;
				GCC_NO_COMMON_BLOCKS = YES;
				GCC_OPTIMIZATION_LEVEL = 0;
				GCC_PREPROCESSOR_DEFINITIONS = (
					"DEBUG=1",
					"$(inherited)",
				);
				GCC_SYMBOLS_PRIVATE_EXTERN = NO;
				GCC_WARN_64_TO_32_BIT_CONVERSION = YES;
				GCC_WARN_ABOUT_RETURN_TYPE = YES_ERROR;
				GCC_WARN_UNDECLARED_SELECTOR = YES;
				GCC_WARN_UNINITIALIZED_AUTOS = YES_AGGRESSIVE;
				GCC_WARN_UNUSED_FUNCTION = YES;
				GCC_WARN_UNUSED_VARIABLE = YES;
				MACOSX_DEPLOYMENT_TARGET = 10.10;
				MTL_ENABLE_DEBUG_INFO = YES;
				ONLY_ACTIVE_ARCH = YES;
				SDKROOT = macosx;
			};
			name = Debug;
		};
		226DD9AC1AF1019E0051A16A /* Release */ = {
			isa = XCBuildConfiguration;
			buildSettings = {
				ALWAYS_SEARCH_USER_PATHS = NO;
				CLANG_CXX_LANGUAGE_STANDARD = "gnu++0x";
				CLANG_CXX_LIBRARY = "libc++";
				CLANG_ENABLE_MODULES = YES;
				CLANG_ENABLE_OBJC_ARC = YES;
				CLANG_WARN_BOOL_CONVERSION = YES;
				CLANG_WARN_CONSTANT_CONVERSION = YES;
				CLANG_WARN_DIRECT_OBJC_ISA_USAGE = YES_ERROR;
				CLANG_WARN_EMPTY_BODY = YES;
				CLANG_WARN_ENUM_CONVERSION = YES;
				CLANG_WARN_INT_CONVERSION = YES;
				CLANG_WARN_OBJC_ROOT_CLASS = YES_ERROR;
				CLANG_WARN_UNREACHABLE_CODE = YES;
				CLANG_WARN__DUPLICATE_METHOD_MATCH = YES;
				CODE_SIGN_IDENTITY = "-";
				COPY_PHASE_STRIP = NO;
				DEBUG_INFORMATION_FORMAT = "dwarf-with-dsym";
				ENABLE_NS_ASSERTIONS = NO;
				ENABLE_STRICT_OBJC_MSGSEND = YES;
				GCC_C_LANGUAGE_STANDARD = gnu99;
				GCC_NO_COMMON_BLOCKS = YES;
				GCC_WARN_64_TO_32_BIT_CONVERSION = YES;
				GCC_WARN_ABOUT_RETURN_TYPE = YES_ERROR;
				GCC_WARN_UNDECLARED_SELECTOR = YES;
				GCC_WARN_UNINITIALIZED_AUTOS = YES_AGGRESSIVE;
				GCC_WARN_UNUSED_FUNCTION = YES;
				GCC_WARN_UNUSED_VARIABLE = YES;
				MACOSX_DEPLOYMENT_TARGET = 10.10;
				MTL_ENABLE_DEBUG_INFO = NO;
				SDKROOT = macosx;
			};
			name = Release;
		};
		226DD9AE1AF1019E0051A16A /* Debug */ = {
			isa = XCBuildConfiguration;
			buildSettings = {
				ASSETCATALOG_COMPILER_APPICON_NAME = AppIcon;
				COMBINE_HIDPI_IMAGES = YES;
				INFOPLIST_FILE = resize/Info.plist;
				LD_RUNPATH_SEARCH_PATHS = "$(inherited) @executable_path/../Frameworks";
				MACOSX_DEPLOYMENT_TARGET = 10.7;
				PRODUCT_NAME = "$(TARGET_NAME)";
			};
			name = Debug;
		};
		226DD9AF1AF1019E0051A16A /* Release */ = {
			isa = XCBuildConfiguration;
			buildSettings = {
				ASSETCATALOG_COMPILER_APPICON_NAME = AppIcon;
				COMBINE_HIDPI_IMAGES = YES;
				INFOPLIST_FILE = resize/Info.plist;
				LD_RUNPATH_SEARCH_PATHS = "$(inherited) @executable_path/../Frameworks";
				MACOSX_DEPLOYMENT_TARGET = 10.7;
				PRODUCT_NAME = "$(TARGET_NAME)";
			};
			name = Release;
		};
		226DD9B11AF1019E0051A16A /* Debug */ = {
			isa = XCBuildConfiguration;
			buildSettings = {
				BUNDLE_LOADER = "$(TEST_HOST)";
				COMBINE_HIDPI_IMAGES = YES;
				FRAMEWORK_SEARCH_PATHS = (
					"$(DEVELOPER_FRAMEWORKS_DIR)",
					"$(inherited)",
				);
				GCC_PREPROCESSOR_DEFINITIONS = (
					"DEBUG=1",
					"$(inherited)",
				);
				INFOPLIST_FILE = resizeTests/Info.plist;
				LD_RUNPATH_SEARCH_PATHS = "$(inherited) @executable_path/../Frameworks @loader_path/../Frameworks";
				PRODUCT_NAME = "$(TARGET_NAME)";
				TEST_HOST = "$(BUILT_PRODUCTS_DIR)/resize.app/Contents/MacOS/resize";
			};
			name = Debug;
		};
		226DD9B21AF1019E0051A16A /* Release */ = {
			isa = XCBuildConfiguration;
			buildSettings = {
				BUNDLE_LOADER = "$(TEST_HOST)";
				COMBINE_HIDPI_IMAGES = YES;
				FRAMEWORK_SEARCH_PATHS = (
					"$(DEVELOPER_FRAMEWORKS_DIR)",
					"$(inherited)",
				);
				INFOPLIST_FILE = resizeTests/Info.plist;
				LD_RUNPATH_SEARCH_PATHS = "$(inherited) @executable_path/../Frameworks @loader_path/../Frameworks";
				PRODUCT_NAME = "$(TARGET_NAME)";
				TEST_HOST = "$(BUILT_PRODUCTS_DIR)/resize.app/Contents/MacOS/resize";
			};
			name = Release;
		};
/* End XCBuildConfiguration section */

/* Begin XCConfigurationList section */
		226DD98B1AF1019E0051A16A /* Build configuration list for PBXProject "resize" */ = {
			isa = XCConfigurationList;
			buildConfigurations = (
				226DD9AB1AF1019E0051A16A /* Debug */,
				226DD9AC1AF1019E0051A16A /* Release */,
			);
			defaultConfigurationIsVisible = 0;
			defaultConfigurationName = Release;
		};
		226DD9AD1AF1019E0051A16A /* Build configuration list for PBXNativeTarget "resize" */ = {
			isa = XCConfigurationList;
			buildConfigurations = (
				226DD9AE1AF1019E0051A16A /* Debug */,
				226DD9AF1AF1019E0051A16A /* Release */,
			);
			defaultConfigurationIsVisible = 0;
		};
		226DD9B01AF1019E0051A16A /* Build configuration list for PBXNativeTarget "resizeTests" */ = {
			isa = XCConfigurationList;
			buildConfigurations = (
				226DD9B11AF1019E0051A16A /* Debug */,
				226DD9B21AF1019E0051A16A /* Release */,
			);
			defaultConfigurationIsVisible = 0;
		};
/* End XCConfigurationList section */
	};
	rootObject = 226DD9881AF1019E0051A16A /* Project object */;
}
